
Microsoft Visual Studio Solution File, Format Version 12.00
# Visual Studio Version 17
VisualStudioVersion = 17.4.33103.184
MinimumVisualStudioVersion = 10.0.40219.1
Project("{888888A0-9F3D-457C-B088-3A5042F75D52}") = "nebula", "nebula\nebula.pyproj", "{0AEFB220-4B17-4C49-B760-A2D0BFBC5C66}"
EndProject
Global
	GlobalSection(SolutionConfigurationPlatforms) = preSolution
		Debug|Any CPU = Debug|Any CPU
		Release|Any CPU = Release|Any CPU
	EndGlobalSection
	GlobalSection(ProjectConfigurationPlatforms) = postSolution
		{0AEFB220-4B17-4C49-B760-A2D0BFBC5C66}.Debug|Any CPU.ActiveCfg = Debug|Any CPU
		{0AEFB220-4B17-4C49-B760-A2D0BFBC5C66}.Release|Any CPU.ActiveCfg = Release|Any CPU
	EndGlobalSection
	GlobalSection(SolutionProperties) = preSolution
		HideSolutionNode = FALSE
	EndGlobalSection
	GlobalSection(ExtensibilityGlobals) = postSolution
		SolutionGuid = {CD28FC5B-3138-4661-843F-7500459EC31B}
	EndGlobalSection
EndGlobal
